{
  "originHash" : "d296697f7304fef2c718313672766db425fb0a88ceaf7c39fc1c560779007fa0",
  "pins" : [
    {
      "identity" : "continuumkit",
      "kind" : "remoteSourceControl",
      "location" : "https://github.com/emmettl/ContinuumKit.git",
      "state" : {
        "revision" : "d3c7367ba43940155f7e33da738e6f5058723fd5"
      }
    }
  ],
  "version" : 3
}
