{
  "originHash" : "e227066d3b87a714b9c293d7a44d8b48c977aed40c649b879a94cc7589bc9887",
  "pins" : [
    {
      "identity" : "continuumkit",
      "kind" : "remoteSourceControl",
      "location" : "https://github.com/emmettl/ContinuumKit.git",
      "state" : {
        "revision" : "1977b38a66382533be902350b40e7084a2d1e9ca",
        "version" : "0.1.0-alpha.16"
      }
    }
  ],
  "version" : 3
}
