{
  "originHash" : "7edf3b61f8156742e3a9f527f3f969fa370f97bb7afae8ee7a90c0ad093dfa1f",
  "pins" : [
    {
      "identity" : "continuumkit",
      "kind" : "remoteSourceControl",
      "location" : "https://github.com/emmettl/ContinuumKit.git",
      "state" : {
        "revision" : "06841daecc26812706f8c686618aadb0cb6b7efa",
        "version" : "0.1.0-alpha.2"
      }
    }
  ],
  "version" : 3
}
